
Microsoft Visual Studio Solution File, Format Version 12.00
# Visual Studio 15
VisualStudioVersion = 15.0.28307.168
MinimumVisualStudioVersion = 10.0.40219.1
Project("{FAE04EC0-301F-11D3-BF4B-00C04F79EFBC}") = "ProjectOS", "ProjectOS\ProjectOS.csproj", "{2616B30D-7CAD-42FA-B954-0542FF7831C4}"
EndProject
Global
	GlobalSection(SolutionConfigurationPlatforms) = preSolution
		Debug|Any CPU = Debug|Any CPU
		Release|Any CPU = Release|Any CPU
	EndGlobalSection
	GlobalSection(ProjectConfigurationPlatforms) = postSolution
		{2616B30D-7CAD-42FA-B954-0542FF7831C4}.Debug|Any CPU.ActiveCfg = Debug|Any CPU
		{2616B30D-7CAD-42FA-B954-0542FF7831C4}.Debug|Any CPU.Build.0 = Debug|Any CPU
		{2616B30D-7CAD-42FA-B954-0542FF7831C4}.Release|Any CPU.ActiveCfg = Release|Any CPU
		{2616B30D-7CAD-42FA-B954-0542FF7831C4}.Release|Any CPU.Build.0 = Release|Any CPU
	EndGlobalSection
	GlobalSection(SolutionProperties) = preSolution
		HideSolutionNode = FALSE
	EndGlobalSection
	GlobalSection(ExtensibilityGlobals) = postSolution
		SolutionGuid = {F66AE043-C4CF-409A-9BF5-D7A2CEF74EB9}
	EndGlobalSection
EndGlobal
